// !$*UTF8*$!
{
	archiveVersion = 1;
	classes = {
	};
	objectVersion = 46;
	objects = {

/* Begin PBXBuildFile section */
		FD480E931AC5568D006CC26C /* AppDelegate.swift in Sources */ = {isa = PBXBuildFile; fileRef = FD480E921AC5568D006CC26C /* AppDelegate.swift */; };
		FD480E951AC5568D006CC26C /* ViewController.swift in Sources */ = {isa = PBXBuildFile; fileRef = FD480E941AC5568D006CC26C /* ViewController.swift */; };
		FD480E981AC5568D006CC26C /* Main.storyboard in Resources */ = {isa = PBXBuildFile; fileRef = FD480E961AC5568D006CC26C /* Main.storyboard */; };
		FD480E9A1AC5568D006CC26C /* Images.xcassets in Resources */ = {isa = PBXBuildFile; fileRef = FD480E991AC5568D006CC26C /* Images.xcassets */; };
		FD480E9D1AC5568D006CC26C /* LaunchScreen.xib in Resources */ = {isa = PBXBuildFile; fileRef = FD480E9B1AC5568D006CC26C /* LaunchScreen.xib */; };
		FD480EA91AC5568D006CC26C /* WorkAnimation2Tests.swift in Sources */ = {isa = PBXBuildFile; fileRef = FD480EA81AC5568D006CC26C /* WorkAnimation2Tests.swift */; };
		FD480EB31AC55BA4006CC26C /* turtle.png in Resources */ = {isa = PBXBuildFile; fileRef = FD480EB21AC55BA4006CC26C /* turtle.png */; };
/* End PBXBuildFile section */

/* Begin PBXContainerItemProxy section */
		FD480EA31AC5568D006CC26C /* PBXContainerItemProxy */ = {
			isa = PBXContainerItemProxy;
			containerPortal = FD480E851AC5568D006CC26C /* Project object */;
			proxyType = 1;
			remoteGlobalIDString = FD480E8C1AC5568D006CC26C;
			remoteInfo = WorkAnimation2;
		};
/* End PBXContainerItemProxy section */

/* Begin PBXFileReference section */
		FD480E8D1AC5568D006CC26C /* WorkAnimation2.app */ = {isa = PBXFileReference; explicitFileType = wrapper.application; includeInIndex = 0; path = WorkAnimation2.app; sourceTree = BUILT_PRODUCTS_DIR; };
		FD480E911AC5568D006CC26C /* Info.plist */ = {isa = PBXFileReference; lastKnownFileType = text.plist.xml; path = Info.plist; sourceTree = "<group>"; };
		FD480E921AC5568D006CC26C /* AppDelegate.swift */ = {isa = PBXFileReference; lastKnownFileType = sourcecode.swift; path = AppDelegate.swift; sourceTree = "<group>"; };
		FD480E941AC5568D006CC26C /* ViewController.swift */ = {isa = PBXFileReference; lastKnownFileType = sourcecode.swift; path = ViewController.swift; sourceTree = "<group>"; };
		FD480E971AC5568D006CC26C /* Base */ = {isa = PBXFileReference; lastKnownFileType = file.storyboard; name = Base; path = Base.lproj/Main.storyboard; sourceTree = "<group>"; };
		FD480E991AC5568D006CC26C /* Images.xcassets */ = {isa = PBXFileReference; lastKnownFileType = folder.assetcatalog; path = Images.xcassets; sourceTree = "<group>"; };
		FD480E9C1AC5568D006CC26C /* Base */ = {isa = PBXFileReference; lastKnownFileType = file.xib; name = Base; path = Base.lproj/LaunchScreen.xib; sourceTree = "<group>"; };
		FD480EA21AC5568D006CC26C /* WorkAnimation2Tests.xctest */ = {isa = PBXFileReference; explicitFileType = wrapper.cfbundle; includeInIndex = 0; path = WorkAnimation2Tests.xctest; sourceTree = BUILT_PRODUCTS_DIR; };
		FD480EA71AC5568D006CC26C /* Info.plist */ = {isa = PBXFileReference; lastKnownFileType = text.plist.xml; path = Info.plist; sourceTree = "<group>"; };
		FD480EA81AC5568D006CC26C /* WorkAnimation2Tests.swift */ = {isa = PBXFileReference; lastKnownFileType = sourcecode.swift; path = WorkAnimation2Tests.swift; sourceTree = "<group>"; };
		FD480EB21AC55BA4006CC26C /* turtle.png */ = {isa = PBXFileReference; lastKnownFileType = image.png; path = turtle.png; sourceTree = "<group>"; };
/* End PBXFileReference section */

/* Begin PBXFrameworksBuildPhase section */
		FD480E8A1AC5568D006CC26C /* Frameworks */ = {
			isa = PBXFrameworksBuildPhase;
			buildActionMask = 2147483647;
			files = (
			);
			runOnlyForDeploymentPostprocessing = 0;
		};
		FD480E9F1AC5568D006CC26C /* Frameworks */ = {
			isa = PBXFrameworksBuildPhase;
			buildActionMask = 2147483647;
			files = (
			);
			runOnlyForDeploymentPostprocessing = 0;
		};
/* End PBXFrameworksBuildPhase section */

/* Begin PBXGroup section */
		FD480E841AC5568D006CC26C = {
			isa = PBXGroup;
			children = (
				FD480E8F1AC5568D006CC26C /* WorkAnimation2 */,
				FD480EA51AC5568D006CC26C /* WorkAnimation2Tests */,
				FD480E8E1AC5568D006CC26C /* Products */,
			);
			sourceTree = "<group>";
		};
		FD480E8E1AC5568D006CC26C /* Products */ = {
			isa = PBXGroup;
			children = (
				FD480E8D1AC5568D006CC26C /* WorkAnimation2.app */,
				FD480EA21AC5568D006CC26C /* WorkAnimation2Tests.xctest */,
			);
			name = Products;
			sourceTree = "<group>";
		};
		FD480E8F1AC5568D006CC26C /* WorkAnimation2 */ = {
			isa = PBXGroup;
			children = (
				FD480E921AC5568D006CC26C /* AppDelegate.swift */,
				FD480E941AC5568D006CC26C /* ViewController.swift */,
				FD480E961AC5568D006CC26C /* Main.storyboard */,
				FD480E991AC5568D006CC26C /* Images.xcassets */,
				FD480E9B1AC5568D006CC26C /* LaunchScreen.xib */,
				FD480E901AC5568D006CC26C /* Supporting Files */,
			);
			path = WorkAnimation2;
			sourceTree = "<group>";
		};
		FD480E901AC5568D006CC26C /* Supporting Files */ = {
			isa = PBXGroup;
			children = (
				FD480EB21AC55BA4006CC26C /* turtle.png */,
				FD480E911AC5568D006CC26C /* Info.plist */,
			);
			name = "Supporting Files";
			sourceTree = "<group>";
		};
		FD480EA51AC5568D006CC26C /* WorkAnimation2Tests */ = {
			isa = PBXGroup;
			children = (
				FD480EA81AC5568D006CC26C /* WorkAnimation2Tests.swift */,
				FD480EA61AC5568D006CC26C /* Supporting Files */,
			);
			path = WorkAnimation2Tests;
			sourceTree = "<group>";
		};
		FD480EA61AC5568D006CC26C /* Supporting Files */ = {
			isa = PBXGroup;
			children = (
				FD480EA71AC5568D006CC26C /* Info.plist */,
			);
			name = "Supporting Files";
			sourceTree = "<group>";
		};
/* End PBXGroup section */

/* Begin PBXNativeTarget section */
		FD480E8C1AC5568D006CC26C /* WorkAnimation2 */ = {
			isa = PBXNativeTarget;
			buildConfigurationList = FD480EAC1AC5568D006CC26C /* Build configuration list for PBXNativeTarget "WorkAnimation2" */;
			buildPhases = (
				FD480E891AC5568D006CC26C /* Sources */,
				FD480E8A1AC5568D006CC26C /* Frameworks */,
				FD480E8B1AC5568D006CC26C /* Resources */,
			);
			buildRules = (
			);
			dependencies = (
			);
			name = WorkAnimation2;
			productName = WorkAnimation2;
			productReference = FD480E8D1AC5568D006CC26C /* WorkAnimation2.app */;
			productType = "com.apple.product-type.application";
		};
		FD480EA11AC5568D006CC26C /* WorkAnimation2Tests */ = {
			isa = PBXNativeTarget;
			buildConfigurationList = FD480EAF1AC5568D006CC26C /* Build configuration list for PBXNativeTarget "WorkAnimation2Tests" */;
			buildPhases = (
				FD480E9E1AC5568D006CC26C /* Sources */,
				FD480E9F1AC5568D006CC26C /* Frameworks */,
				FD480EA01AC5568D006CC26C /* Resources */,
			);
			buildRules = (
			);
			dependencies = (
				FD480EA41AC5568D006CC26C /* PBXTargetDependency */,
			);
			name = WorkAnimation2Tests;
			productName = WorkAnimation2Tests;
			productReference = FD480EA21AC5568D006CC26C /* WorkAnimation2Tests.xctest */;
			productType = "com.apple.product-type.bundle.unit-test";
		};
/* End PBXNativeTarget section */

/* Begin PBXProject section */
		FD480E851AC5568D006CC26C /* Project object */ = {
			isa = PBXProject;
			attributes = {
				LastUpgradeCheck = 0600;
				ORGANIZATIONNAME = iStudents;
				TargetAttributes = {
					FD480E8C1AC5568D006CC26C = {
						CreatedOnToolsVersion = 6.0;
					};
					FD480EA11AC5568D006CC26C = {
						CreatedOnToolsVersion = 6.0;
						TestTargetID = FD480E8C1AC5568D006CC26C;
					};
				};
			};
			buildConfigurationList = FD480E881AC5568D006CC26C /* Build configuration list for PBXProject "WorkAnimation2" */;
			compatibilityVersion = "Xcode 3.2";
			developmentRegion = English;
			hasScannedForEncodings = 0;
			knownRegions = (
				en,
				Base,
			);
			mainGroup = FD480E841AC5568D006CC26C;
			productRefGroup = FD480E8E1AC5568D006CC26C /* Products */;
			projectDirPath = "";
			projectRoot = "";
			targets = (
				FD480E8C1AC5568D006CC26C /* WorkAnimation2 */,
				FD480EA11AC5568D006CC26C /* WorkAnimation2Tests */,
			);
		};
/* End PBXProject section */

/* Begin PBXResourcesBuildPhase section */
		FD480E8B1AC5568D006CC26C /* Resources */ = {
			isa = PBXResourcesBuildPhase;
			buildActionMask = 2147483647;
			files = (
				FD480EB31AC55BA4006CC26C /* turtle.png in Resources */,
				FD480E981AC5568D006CC26C /* Main.storyboard in Resources */,
				FD480E9D1AC5568D006CC26C /* LaunchScreen.xib in Resources */,
				FD480E9A1AC5568D006CC26C /* Images.xcassets in Resources */,
			);
			runOnlyForDeploymentPostprocessing = 0;
		};
		FD480EA01AC5568D006CC26C /* Resources */ = {
			isa = PBXResourcesBuildPhase;
			buildActionMask = 2147483647;
			files = (
			);
			runOnlyForDeploymentPostprocessing = 0;
		};
/* End PBXResourcesBuildPhase section */

/* Begin PBXSourcesBuildPhase section */
		FD480E891AC5568D006CC26C /* Sources */ = {
			isa = PBXSourcesBuildPhase;
			buildActionMask = 2147483647;
			files = (
				FD480E951AC5568D006CC26C /* ViewController.swift in Sources */,
				FD480E931AC5568D006CC26C /* AppDelegate.swift in Sources */,
			);
			runOnlyForDeploymentPostprocessing = 0;
		};
		FD480E9E1AC5568D006CC26C /* Sources */ = {
			isa = PBXSourcesBuildPhase;
			buildActionMask = 2147483647;
			files = (
				FD480EA91AC5568D006CC26C /* WorkAnimation2Tests.swift in Sources */,
			);
			runOnlyForDeploymentPostprocessing = 0;
		};
/* End PBXSourcesBuildPhase section */

/* Begin PBXTargetDependency section */
		FD480EA41AC5568D006CC26C /* PBXTargetDependency */ = {
			isa = PBXTargetDependency;
			target = FD480E8C1AC5568D006CC26C /* WorkAnimation2 */;
			targetProxy = FD480EA31AC5568D006CC26C /* PBXContainerItemProxy */;
		};
/* End PBXTargetDependency section */

/* Begin PBXVariantGroup section */
		FD480E961AC5568D006CC26C /* Main.storyboard */ = {
			isa = PBXVariantGroup;
			children = (
				FD480E971AC5568D006CC26C /* Base */,
			);
			name = Main.storyboard;
			sourceTree = "<group>";
		};
		FD480E9B1AC5568D006CC26C /* LaunchScreen.xib */ = {
			isa = PBXVariantGroup;
			children = (
				FD480E9C1AC5568D006CC26C /* Base */,
			);
			name = LaunchScreen.xib;
			sourceTree = "<group>";
		};
/* End PBXVariantGroup section */

/* Begin XCBuildConfiguration section */
		FD480EAA1AC5568D006CC26C /* Debug */ = {
			isa = XCBuildConfiguration;
			buildSettings = {
				ALWAYS_SEARCH_USER_PATHS = NO;
				CLANG_CXX_LANGUAGE_STANDARD = "gnu++0x";
				CLANG_CXX_LIBRARY = "libc++";
				CLANG_ENABLE_MODULES = YES;
				CLANG_ENABLE_OBJC_ARC = YES;
				CLANG_WARN_BOOL_CONVERSION = YES;
				CLANG_WARN_CONSTANT_CONVERSION = YES;
				CLANG_WARN_DIRECT_OBJC_ISA_USAGE = YES_ERROR;
				CLANG_WARN_EMPTY_BODY = YES;
				CLANG_WARN_ENUM_CONVERSION = YES;
				CLANG_WARN_INT_CONVERSION = YES;
				CLANG_WARN_OBJC_ROOT_CLASS = YES_ERROR;
				CLANG_WARN_UNREACHABLE_CODE = YES;
				CLANG_WARN__DUPLICATE_METHOD_MATCH = YES;
				"CODE_SIGN_IDENTITY[sdk=iphoneos*]" = "iPhone Developer";
				COPY_PHASE_STRIP = NO;
				ENABLE_STRICT_OBJC_MSGSEND = YES;
				GCC_C_LANGUAGE_STANDARD = gnu99;
				GCC_DYNAMIC_NO_PIC = NO;
				GCC_OPTIMIZATION_LEVEL = 0;
				GCC_PREPROCESSOR_DEFINITIONS = (
					"DEBUG=1",
					"$(inherited)",
				);
				GCC_SYMBOLS_PRIVATE_EXTERN = NO;
				GCC_WARN_64_TO_32_BIT_CONVERSION = YES;
				GCC_WARN_ABOUT_RETURN_TYPE = YES_ERROR;
				GCC_WARN_UNDECLARED_SELECTOR = YES;
				GCC_WARN_UNINITIALIZED_AUTOS = YES_AGGRESSIVE;
				GCC_WARN_UNUSED_FUNCTION = YES;
				GCC_WARN_UNUSED_VARIABLE = YES;
				IPHONEOS_DEPLOYMENT_TARGET = 8.0;
				MTL_ENABLE_DEBUG_INFO = YES;
				ONLY_ACTIVE_ARCH = YES;
				SDKROOT = iphoneos;
				SWIFT_OPTIMIZATION_LEVEL = "-Onone";
			};
			name = Debug;
		};
		FD480EAB1AC5568D006CC26C /* Release */ = {
			isa = XCBuildConfiguration;
			buildSettings = {
				ALWAYS_SEARCH_USER_PATHS = NO;
				CLANG_CXX_LANGUAGE_STANDARD = "gnu++0x";
				CLANG_CXX_LIBRARY = "libc++";
				CLANG_ENABLE_MODULES = YES;
				CLANG_ENABLE_OBJC_ARC = YES;
				CLANG_WARN_BOOL_CONVERSION = YES;
				CLANG_WARN_CONSTANT_CONVERSION = YES;
				CLANG_WARN_DIRECT_OBJC_ISA_USAGE = YES_ERROR;
				CLANG_WARN_EMPTY_BODY = YES;
				CLANG_WARN_ENUM_CONVERSION = YES;
				CLANG_WARN_INT_CONVERSION = YES;
				CLANG_WARN_OBJC_ROOT_CLASS = YES_ERROR;
				CLANG_WARN_UNREACHABLE_CODE = YES;
				CLANG_WARN__DUPLICATE_METHOD_MATCH = YES;
				"CODE_SIGN_IDENTITY[sdk=iphoneos*]" = "iPhone Developer";
				COPY_PHASE_STRIP = YES;
				ENABLE_NS_ASSERTIONS = NO;
				ENABLE_STRICT_OBJC_MSGSEND = YES;
				GCC_C_LANGUAGE_STANDARD = gnu99;
				GCC_WARN_64_TO_32_BIT_CONVERSION = YES;
				GCC_WARN_ABOUT_RETURN_TYPE = YES_ERROR;
				GCC_WARN_UNDECLARED_SELECTOR = YES;
				GCC_WARN_UNINITIALIZED_AUTOS = YES_AGGRESSIVE;
				GCC_WARN_UNUSED_FUNCTION = YES;
				GCC_WARN_UNUSED_VARIABLE = YES;
				IPHONEOS_DEPLOYMENT_TARGET = 8.0;
				MTL_ENABLE_DEBUG_INFO = NO;
				SDKROOT = iphoneos;
				VALIDATE_PRODUCT = YES;
			};
			name = Release;
		};
		FD480EAD1AC5568D006CC26C /* Debug */ = {
			isa = XCBuildConfiguration;
			buildSettings = {
				ASSETCATALOG_COMPILER_APPICON_NAME = AppIcon;
				INFOPLIST_FILE = WorkAnimation2/Info.plist;
				LD_RUNPATH_SEARCH_PATHS = "$(inherited) @executable_path/Frameworks";
				PRODUCT_NAME = "$(TARGET_NAME)";
			};
			name = Debug;
		};
		FD480EAE1AC5568D006CC26C /* Release */ = {
			isa = XCBuildConfiguration;
			buildSettings = {
				ASSETCATALOG_COMPILER_APPICON_NAME = AppIcon;
				INFOPLIST_FILE = WorkAnimation2/Info.plist;
				LD_RUNPATH_SEARCH_PATHS = "$(inherited) @executable_path/Frameworks";
				PRODUCT_NAME = "$(TARGET_NAME)";
			};
			name = Release;
		};
		FD480EB01AC5568D006CC26C /* Debug */ = {
			isa = XCBuildConfiguration;
			buildSettings = {
				BUNDLE_LOADER = "$(TEST_HOST)";
				FRAMEWORK_SEARCH_PATHS = (
					"$(SDKROOT)/Developer/Library/Frameworks",
					"$(inherited)",
				);
				GCC_PREPROCESSOR_DEFINITIONS = (
					"DEBUG=1",
					"$(inherited)",
				);
				INFOPLIST_FILE = WorkAnimation2Tests/Info.plist;
				LD_RUNPATH_SEARCH_PATHS = "$(inherited) @executable_path/Frameworks @loader_path/Frameworks";
				PRODUCT_NAME = "$(TARGET_NAME)";
				TEST_HOST = "$(BUILT_PRODUCTS_DIR)/WorkAnimation2.app/WorkAnimation2";
			};
			name = Debug;
		};
		FD480EB11AC5568D006CC26C /* Release */ = {
			isa = XCBuildConfiguration;
			buildSettings = {
				BUNDLE_LOADER = "$(TEST_HOST)";
				FRAMEWORK_SEARCH_PATHS = (
					"$(SDKROOT)/Developer/Library/Frameworks",
					"$(inherited)",
				);
				INFOPLIST_FILE = WorkAnimation2Tests/Info.plist;
				LD_RUNPATH_SEARCH_PATHS = "$(inherited) @executable_path/Frameworks @loader_path/Frameworks";
				PRODUCT_NAME = "$(TARGET_NAME)";
				TEST_HOST = "$(BUILT_PRODUCTS_DIR)/WorkAnimation2.app/WorkAnimation2";
			};
			name = Release;
		};
/* End XCBuildConfiguration section */

/* Begin XCConfigurationList section */
		FD480E881AC5568D006CC26C /* Build configuration list for PBXProject "WorkAnimation2" */ = {
			isa = XCConfigurationList;
			buildConfigurations = (
				FD480EAA1AC5568D006CC26C /* Debug */,
				FD480EAB1AC5568D006CC26C /* Release */,
			);
			defaultConfigurationIsVisible = 0;
			defaultConfigurationName = Release;
		};
		FD480EAC1AC5568D006CC26C /* Build configuration list for PBXNativeTarget "WorkAnimation2" */ = {
			isa = XCConfigurationList;
			buildConfigurations = (
				FD480EAD1AC5568D006CC26C /* Debug */,
				FD480EAE1AC5568D006CC26C /* Release */,
			);
			defaultConfigurationIsVisible = 0;
		};
		FD480EAF1AC5568D006CC26C /* Build configuration list for PBXNativeTarget "WorkAnimation2Tests" */ = {
			isa = XCConfigurationList;
			buildConfigurations = (
				FD480EB01AC5568D006CC26C /* Debug */,
				FD480EB11AC5568D006CC26C /* Release */,
			);
			defaultConfigurationIsVisible = 0;
		};
/* End XCConfigurationList section */
	};
	rootObject = FD480E851AC5568D006CC26C /* Project object */;
}
