// !$*UTF8*$!
{
	archiveVersion = 1;
	classes = {
	};
	objectVersion = 46;
	objects = {

/* Begin PBXBuildFile section */
		FD6B62A11A84960E00CB2662 /* AppDelegate.swift in Sources */ = {isa = PBXBuildFile; fileRef = FD6B62A01A84960E00CB2662 /* AppDelegate.swift */; };
		FD6B62A31A84960E00CB2662 /* ViewController.swift in Sources */ = {isa = PBXBuildFile; fileRef = FD6B62A21A84960E00CB2662 /* ViewController.swift */; };
		FD6B62A61A84960E00CB2662 /* Main.storyboard in Resources */ = {isa = PBXBuildFile; fileRef = FD6B62A41A84960E00CB2662 /* Main.storyboard */; };
		FD6B62A81A84960E00CB2662 /* Images.xcassets in Resources */ = {isa = PBXBuildFile; fileRef = FD6B62A71A84960E00CB2662 /* Images.xcassets */; };
		FD6B62AB1A84960E00CB2662 /* LaunchScreen.xib in Resources */ = {isa = PBXBuildFile; fileRef = FD6B62A91A84960E00CB2662 /* LaunchScreen.xib */; };
		FD6B62B71A84960E00CB2662 /* TipCalculatorTests.swift in Sources */ = {isa = PBXBuildFile; fileRef = FD6B62B61A84960E00CB2662 /* TipCalculatorTests.swift */; };
		FD6B62C11A84A81C00CB2662 /* TipCalculatorModel.swift in Sources */ = {isa = PBXBuildFile; fileRef = FD6B62C01A84A81C00CB2662 /* TipCalculatorModel.swift */; };
		FD6B62C31A84B73600CB2662 /* blue_sky__open_minded__by_codyawilliams-d4evx1b.jpg in Resources */ = {isa = PBXBuildFile; fileRef = FD6B62C21A84B73600CB2662 /* blue_sky__open_minded__by_codyawilliams-d4evx1b.jpg */; };
		FDC72DBE1AB9583900938B48 /* 440x105_calculator_button_9.png in Resources */ = {isa = PBXBuildFile; fileRef = FDC72DBD1AB9583900938B48 /* 440x105_calculator_button_9.png */; };
/* End PBXBuildFile section */

/* Begin PBXContainerItemProxy section */
		FD6B62B11A84960E00CB2662 /* PBXContainerItemProxy */ = {
			isa = PBXContainerItemProxy;
			containerPortal = FD6B62931A84960E00CB2662 /* Project object */;
			proxyType = 1;
			remoteGlobalIDString = FD6B629A1A84960E00CB2662;
			remoteInfo = TipCalculator;
		};
/* End PBXContainerItemProxy section */

/* Begin PBXFileReference section */
		FD6B629B1A84960E00CB2662 /* TipCalculator.app */ = {isa = PBXFileReference; explicitFileType = wrapper.application; includeInIndex = 0; path = TipCalculator.app; sourceTree = BUILT_PRODUCTS_DIR; };
		FD6B629F1A84960E00CB2662 /* Info.plist */ = {isa = PBXFileReference; lastKnownFileType = text.plist.xml; path = Info.plist; sourceTree = "<group>"; };
		FD6B62A01A84960E00CB2662 /* AppDelegate.swift */ = {isa = PBXFileReference; lastKnownFileType = sourcecode.swift; path = AppDelegate.swift; sourceTree = "<group>"; };
		FD6B62A21A84960E00CB2662 /* ViewController.swift */ = {isa = PBXFileReference; lastKnownFileType = sourcecode.swift; path = ViewController.swift; sourceTree = "<group>"; };
		FD6B62A51A84960E00CB2662 /* Base */ = {isa = PBXFileReference; lastKnownFileType = file.storyboard; name = Base; path = Base.lproj/Main.storyboard; sourceTree = "<group>"; };
		FD6B62A71A84960E00CB2662 /* Images.xcassets */ = {isa = PBXFileReference; lastKnownFileType = folder.assetcatalog; path = Images.xcassets; sourceTree = "<group>"; };
		FD6B62AA1A84960E00CB2662 /* Base */ = {isa = PBXFileReference; lastKnownFileType = file.xib; name = Base; path = Base.lproj/LaunchScreen.xib; sourceTree = "<group>"; };
		FD6B62B01A84960E00CB2662 /* TipCalculatorTests.xctest */ = {isa = PBXFileReference; explicitFileType = wrapper.cfbundle; includeInIndex = 0; path = TipCalculatorTests.xctest; sourceTree = BUILT_PRODUCTS_DIR; };
		FD6B62B51A84960E00CB2662 /* Info.plist */ = {isa = PBXFileReference; lastKnownFileType = text.plist.xml; path = Info.plist; sourceTree = "<group>"; };
		FD6B62B61A84960E00CB2662 /* TipCalculatorTests.swift */ = {isa = PBXFileReference; lastKnownFileType = sourcecode.swift; path = TipCalculatorTests.swift; sourceTree = "<group>"; };
		FD6B62C01A84A81C00CB2662 /* TipCalculatorModel.swift */ = {isa = PBXFileReference; fileEncoding = 4; lastKnownFileType = sourcecode.swift; path = TipCalculatorModel.swift; sourceTree = "<group>"; };
		FD6B62C21A84B73600CB2662 /* blue_sky__open_minded__by_codyawilliams-d4evx1b.jpg */ = {isa = PBXFileReference; lastKnownFileType = image.jpeg; path = "blue_sky__open_minded__by_codyawilliams-d4evx1b.jpg"; sourceTree = "<group>"; };
		FDC72DBD1AB9583900938B48 /* 440x105_calculator_button_9.png */ = {isa = PBXFileReference; lastKnownFileType = image.png; path = 440x105_calculator_button_9.png; sourceTree = "<group>"; };
/* End PBXFileReference section */

/* Begin PBXFrameworksBuildPhase section */
		FD6B62981A84960E00CB2662 /* Frameworks */ = {
			isa = PBXFrameworksBuildPhase;
			buildActionMask = 2147483647;
			files = (
			);
			runOnlyForDeploymentPostprocessing = 0;
		};
		FD6B62AD1A84960E00CB2662 /* Frameworks */ = {
			isa = PBXFrameworksBuildPhase;
			buildActionMask = 2147483647;
			files = (
			);
			runOnlyForDeploymentPostprocessing = 0;
		};
/* End PBXFrameworksBuildPhase section */

/* Begin PBXGroup section */
		FD6B62921A84960E00CB2662 = {
			isa = PBXGroup;
			children = (
				FD6B629D1A84960E00CB2662 /* TipCalculator */,
				FD6B62B31A84960E00CB2662 /* TipCalculatorTests */,
				FD6B629C1A84960E00CB2662 /* Products */,
			);
			sourceTree = "<group>";
		};
		FD6B629C1A84960E00CB2662 /* Products */ = {
			isa = PBXGroup;
			children = (
				FD6B629B1A84960E00CB2662 /* TipCalculator.app */,
				FD6B62B01A84960E00CB2662 /* TipCalculatorTests.xctest */,
			);
			name = Products;
			sourceTree = "<group>";
		};
		FD6B629D1A84960E00CB2662 /* TipCalculator */ = {
			isa = PBXGroup;
			children = (
				FD6B62A01A84960E00CB2662 /* AppDelegate.swift */,
				FD6B62A21A84960E00CB2662 /* ViewController.swift */,
				FD6B62A41A84960E00CB2662 /* Main.storyboard */,
				FD6B62C01A84A81C00CB2662 /* TipCalculatorModel.swift */,
				FD6B62A71A84960E00CB2662 /* Images.xcassets */,
				FD6B62A91A84960E00CB2662 /* LaunchScreen.xib */,
				FD6B629E1A84960E00CB2662 /* Supporting Files */,
			);
			path = TipCalculator;
			sourceTree = "<group>";
		};
		FD6B629E1A84960E00CB2662 /* Supporting Files */ = {
			isa = PBXGroup;
			children = (
				FDC72DBD1AB9583900938B48 /* 440x105_calculator_button_9.png */,
				FD6B62C21A84B73600CB2662 /* blue_sky__open_minded__by_codyawilliams-d4evx1b.jpg */,
				FD6B629F1A84960E00CB2662 /* Info.plist */,
			);
			name = "Supporting Files";
			sourceTree = "<group>";
		};
		FD6B62B31A84960E00CB2662 /* TipCalculatorTests */ = {
			isa = PBXGroup;
			children = (
				FD6B62B61A84960E00CB2662 /* TipCalculatorTests.swift */,
				FD6B62B41A84960E00CB2662 /* Supporting Files */,
			);
			path = TipCalculatorTests;
			sourceTree = "<group>";
		};
		FD6B62B41A84960E00CB2662 /* Supporting Files */ = {
			isa = PBXGroup;
			children = (
				FD6B62B51A84960E00CB2662 /* Info.plist */,
			);
			name = "Supporting Files";
			sourceTree = "<group>";
		};
/* End PBXGroup section */

/* Begin PBXNativeTarget section */
		FD6B629A1A84960E00CB2662 /* TipCalculator */ = {
			isa = PBXNativeTarget;
			buildConfigurationList = FD6B62BA1A84960E00CB2662 /* Build configuration list for PBXNativeTarget "TipCalculator" */;
			buildPhases = (
				FD6B62971A84960E00CB2662 /* Sources */,
				FD6B62981A84960E00CB2662 /* Frameworks */,
				FD6B62991A84960E00CB2662 /* Resources */,
			);
			buildRules = (
			);
			dependencies = (
			);
			name = TipCalculator;
			productName = TipCalculator;
			productReference = FD6B629B1A84960E00CB2662 /* TipCalculator.app */;
			productType = "com.apple.product-type.application";
		};
		FD6B62AF1A84960E00CB2662 /* TipCalculatorTests */ = {
			isa = PBXNativeTarget;
			buildConfigurationList = FD6B62BD1A84960E00CB2662 /* Build configuration list for PBXNativeTarget "TipCalculatorTests" */;
			buildPhases = (
				FD6B62AC1A84960E00CB2662 /* Sources */,
				FD6B62AD1A84960E00CB2662 /* Frameworks */,
				FD6B62AE1A84960E00CB2662 /* Resources */,
			);
			buildRules = (
			);
			dependencies = (
				FD6B62B21A84960E00CB2662 /* PBXTargetDependency */,
			);
			name = TipCalculatorTests;
			productName = TipCalculatorTests;
			productReference = FD6B62B01A84960E00CB2662 /* TipCalculatorTests.xctest */;
			productType = "com.apple.product-type.bundle.unit-test";
		};
/* End PBXNativeTarget section */

/* Begin PBXProject section */
		FD6B62931A84960E00CB2662 /* Project object */ = {
			isa = PBXProject;
			attributes = {
				LastUpgradeCheck = 0600;
				ORGANIZATIONNAME = iStudents;
				TargetAttributes = {
					FD6B629A1A84960E00CB2662 = {
						CreatedOnToolsVersion = 6.0;
					};
					FD6B62AF1A84960E00CB2662 = {
						CreatedOnToolsVersion = 6.0;
						TestTargetID = FD6B629A1A84960E00CB2662;
					};
				};
			};
			buildConfigurationList = FD6B62961A84960E00CB2662 /* Build configuration list for PBXProject "TipCalculator" */;
			compatibilityVersion = "Xcode 3.2";
			developmentRegion = English;
			hasScannedForEncodings = 0;
			knownRegions = (
				en,
				Base,
			);
			mainGroup = FD6B62921A84960E00CB2662;
			productRefGroup = FD6B629C1A84960E00CB2662 /* Products */;
			projectDirPath = "";
			projectRoot = "";
			targets = (
				FD6B629A1A84960E00CB2662 /* TipCalculator */,
				FD6B62AF1A84960E00CB2662 /* TipCalculatorTests */,
			);
		};
/* End PBXProject section */

/* Begin PBXResourcesBuildPhase section */
		FD6B62991A84960E00CB2662 /* Resources */ = {
			isa = PBXResourcesBuildPhase;
			buildActionMask = 2147483647;
			files = (
				FD6B62A61A84960E00CB2662 /* Main.storyboard in Resources */,
				FD6B62C31A84B73600CB2662 /* blue_sky__open_minded__by_codyawilliams-d4evx1b.jpg in Resources */,
				FD6B62AB1A84960E00CB2662 /* LaunchScreen.xib in Resources */,
				FDC72DBE1AB9583900938B48 /* 440x105_calculator_button_9.png in Resources */,
				FD6B62A81A84960E00CB2662 /* Images.xcassets in Resources */,
			);
			runOnlyForDeploymentPostprocessing = 0;
		};
		FD6B62AE1A84960E00CB2662 /* Resources */ = {
			isa = PBXResourcesBuildPhase;
			buildActionMask = 2147483647;
			files = (
			);
			runOnlyForDeploymentPostprocessing = 0;
		};
/* End PBXResourcesBuildPhase section */

/* Begin PBXSourcesBuildPhase section */
		FD6B62971A84960E00CB2662 /* Sources */ = {
			isa = PBXSourcesBuildPhase;
			buildActionMask = 2147483647;
			files = (
				FD6B62C11A84A81C00CB2662 /* TipCalculatorModel.swift in Sources */,
				FD6B62A31A84960E00CB2662 /* ViewController.swift in Sources */,
				FD6B62A11A84960E00CB2662 /* AppDelegate.swift in Sources */,
			);
			runOnlyForDeploymentPostprocessing = 0;
		};
		FD6B62AC1A84960E00CB2662 /* Sources */ = {
			isa = PBXSourcesBuildPhase;
			buildActionMask = 2147483647;
			files = (
				FD6B62B71A84960E00CB2662 /* TipCalculatorTests.swift in Sources */,
			);
			runOnlyForDeploymentPostprocessing = 0;
		};
/* End PBXSourcesBuildPhase section */

/* Begin PBXTargetDependency section */
		FD6B62B21A84960E00CB2662 /* PBXTargetDependency */ = {
			isa = PBXTargetDependency;
			target = FD6B629A1A84960E00CB2662 /* TipCalculator */;
			targetProxy = FD6B62B11A84960E00CB2662 /* PBXContainerItemProxy */;
		};
/* End PBXTargetDependency section */

/* Begin PBXVariantGroup section */
		FD6B62A41A84960E00CB2662 /* Main.storyboard */ = {
			isa = PBXVariantGroup;
			children = (
				FD6B62A51A84960E00CB2662 /* Base */,
			);
			name = Main.storyboard;
			sourceTree = "<group>";
		};
		FD6B62A91A84960E00CB2662 /* LaunchScreen.xib */ = {
			isa = PBXVariantGroup;
			children = (
				FD6B62AA1A84960E00CB2662 /* Base */,
			);
			name = LaunchScreen.xib;
			sourceTree = "<group>";
		};
/* End PBXVariantGroup section */

/* Begin XCBuildConfiguration section */
		FD6B62B81A84960E00CB2662 /* Debug */ = {
			isa = XCBuildConfiguration;
			buildSettings = {
				ALWAYS_SEARCH_USER_PATHS = NO;
				CLANG_CXX_LANGUAGE_STANDARD = "gnu++0x";
				CLANG_CXX_LIBRARY = "libc++";
				CLANG_ENABLE_MODULES = YES;
				CLANG_ENABLE_OBJC_ARC = YES;
				CLANG_WARN_BOOL_CONVERSION = YES;
				CLANG_WARN_CONSTANT_CONVERSION = YES;
				CLANG_WARN_DIRECT_OBJC_ISA_USAGE = YES_ERROR;
				CLANG_WARN_EMPTY_BODY = YES;
				CLANG_WARN_ENUM_CONVERSION = YES;
				CLANG_WARN_INT_CONVERSION = YES;
				CLANG_WARN_OBJC_ROOT_CLASS = YES_ERROR;
				CLANG_WARN_UNREACHABLE_CODE = YES;
				CLANG_WARN__DUPLICATE_METHOD_MATCH = YES;
				"CODE_SIGN_IDENTITY[sdk=iphoneos*]" = "iPhone Developer";
				COPY_PHASE_STRIP = NO;
				ENABLE_STRICT_OBJC_MSGSEND = YES;
				GCC_C_LANGUAGE_STANDARD = gnu99;
				GCC_DYNAMIC_NO_PIC = NO;
				GCC_OPTIMIZATION_LEVEL = 0;
				GCC_PREPROCESSOR_DEFINITIONS = (
					"DEBUG=1",
					"$(inherited)",
				);
				GCC_SYMBOLS_PRIVATE_EXTERN = NO;
				GCC_WARN_64_TO_32_BIT_CONVERSION = YES;
				GCC_WARN_ABOUT_RETURN_TYPE = YES_ERROR;
				GCC_WARN_UNDECLARED_SELECTOR = YES;
				GCC_WARN_UNINITIALIZED_AUTOS = YES_AGGRESSIVE;
				GCC_WARN_UNUSED_FUNCTION = YES;
				GCC_WARN_UNUSED_VARIABLE = YES;
				IPHONEOS_DEPLOYMENT_TARGET = 8.0;
				MTL_ENABLE_DEBUG_INFO = YES;
				ONLY_ACTIVE_ARCH = YES;
				SDKROOT = iphoneos;
				SWIFT_OPTIMIZATION_LEVEL = "-Onone";
			};
			name = Debug;
		};
		FD6B62B91A84960E00CB2662 /* Release */ = {
			isa = XCBuildConfiguration;
			buildSettings = {
				ALWAYS_SEARCH_USER_PATHS = NO;
				CLANG_CXX_LANGUAGE_STANDARD = "gnu++0x";
				CLANG_CXX_LIBRARY = "libc++";
				CLANG_ENABLE_MODULES = YES;
				CLANG_ENABLE_OBJC_ARC = YES;
				CLANG_WARN_BOOL_CONVERSION = YES;
				CLANG_WARN_CONSTANT_CONVERSION = YES;
				CLANG_WARN_DIRECT_OBJC_ISA_USAGE = YES_ERROR;
				CLANG_WARN_EMPTY_BODY = YES;
				CLANG_WARN_ENUM_CONVERSION = YES;
				CLANG_WARN_INT_CONVERSION = YES;
				CLANG_WARN_OBJC_ROOT_CLASS = YES_ERROR;
				CLANG_WARN_UNREACHABLE_CODE = YES;
				CLANG_WARN__DUPLICATE_METHOD_MATCH = YES;
				"CODE_SIGN_IDENTITY[sdk=iphoneos*]" = "iPhone Developer";
				COPY_PHASE_STRIP = YES;
				ENABLE_NS_ASSERTIONS = NO;
				ENABLE_STRICT_OBJC_MSGSEND = YES;
				GCC_C_LANGUAGE_STANDARD = gnu99;
				GCC_WARN_64_TO_32_BIT_CONVERSION = YES;
				GCC_WARN_ABOUT_RETURN_TYPE = YES_ERROR;
				GCC_WARN_UNDECLARED_SELECTOR = YES;
				GCC_WARN_UNINITIALIZED_AUTOS = YES_AGGRESSIVE;
				GCC_WARN_UNUSED_FUNCTION = YES;
				GCC_WARN_UNUSED_VARIABLE = YES;
				IPHONEOS_DEPLOYMENT_TARGET = 8.0;
				MTL_ENABLE_DEBUG_INFO = NO;
				SDKROOT = iphoneos;
				VALIDATE_PRODUCT = YES;
			};
			name = Release;
		};
		FD6B62BB1A84960E00CB2662 /* Debug */ = {
			isa = XCBuildConfiguration;
			buildSettings = {
				ASSETCATALOG_COMPILER_APPICON_NAME = AppIcon;
				INFOPLIST_FILE = TipCalculator/Info.plist;
				LD_RUNPATH_SEARCH_PATHS = "$(inherited) @executable_path/Frameworks";
				PRODUCT_NAME = "$(TARGET_NAME)";
			};
			name = Debug;
		};
		FD6B62BC1A84960E00CB2662 /* Release */ = {
			isa = XCBuildConfiguration;
			buildSettings = {
				ASSETCATALOG_COMPILER_APPICON_NAME = AppIcon;
				INFOPLIST_FILE = TipCalculator/Info.plist;
				LD_RUNPATH_SEARCH_PATHS = "$(inherited) @executable_path/Frameworks";
				PRODUCT_NAME = "$(TARGET_NAME)";
			};
			name = Release;
		};
		FD6B62BE1A84960E00CB2662 /* Debug */ = {
			isa = XCBuildConfiguration;
			buildSettings = {
				BUNDLE_LOADER = "$(TEST_HOST)";
				FRAMEWORK_SEARCH_PATHS = (
					"$(SDKROOT)/Developer/Library/Frameworks",
					"$(inherited)",
				);
				GCC_PREPROCESSOR_DEFINITIONS = (
					"DEBUG=1",
					"$(inherited)",
				);
				INFOPLIST_FILE = TipCalculatorTests/Info.plist;
				LD_RUNPATH_SEARCH_PATHS = "$(inherited) @executable_path/Frameworks @loader_path/Frameworks";
				PRODUCT_NAME = "$(TARGET_NAME)";
				TEST_HOST = "$(BUILT_PRODUCTS_DIR)/TipCalculator.app/TipCalculator";
			};
			name = Debug;
		};
		FD6B62BF1A84960E00CB2662 /* Release */ = {
			isa = XCBuildConfiguration;
			buildSettings = {
				BUNDLE_LOADER = "$(TEST_HOST)";
				FRAMEWORK_SEARCH_PATHS = (
					"$(SDKROOT)/Developer/Library/Frameworks",
					"$(inherited)",
				);
				INFOPLIST_FILE = TipCalculatorTests/Info.plist;
				LD_RUNPATH_SEARCH_PATHS = "$(inherited) @executable_path/Frameworks @loader_path/Frameworks";
				PRODUCT_NAME = "$(TARGET_NAME)";
				TEST_HOST = "$(BUILT_PRODUCTS_DIR)/TipCalculator.app/TipCalculator";
			};
			name = Release;
		};
/* End XCBuildConfiguration section */

/* Begin XCConfigurationList section */
		FD6B62961A84960E00CB2662 /* Build configuration list for PBXProject "TipCalculator" */ = {
			isa = XCConfigurationList;
			buildConfigurations = (
				FD6B62B81A84960E00CB2662 /* Debug */,
				FD6B62B91A84960E00CB2662 /* Release */,
			);
			defaultConfigurationIsVisible = 0;
			defaultConfigurationName = Release;
		};
		FD6B62BA1A84960E00CB2662 /* Build configuration list for PBXNativeTarget "TipCalculator" */ = {
			isa = XCConfigurationList;
			buildConfigurations = (
				FD6B62BB1A84960E00CB2662 /* Debug */,
				FD6B62BC1A84960E00CB2662 /* Release */,
			);
			defaultConfigurationIsVisible = 0;
			defaultConfigurationName = Release;
		};
		FD6B62BD1A84960E00CB2662 /* Build configuration list for PBXNativeTarget "TipCalculatorTests" */ = {
			isa = XCConfigurationList;
			buildConfigurations = (
				FD6B62BE1A84960E00CB2662 /* Debug */,
				FD6B62BF1A84960E00CB2662 /* Release */,
			);
			defaultConfigurationIsVisible = 0;
			defaultConfigurationName = Release;
		};
/* End XCConfigurationList section */
	};
	rootObject = FD6B62931A84960E00CB2662 /* Project object */;
}
